
Microsoft Visual Studio Solution File, Format Version 12.00
# Visual Studio Version 17
VisualStudioVersion = 17.14.36518.9 d17.14
MinimumVisualStudioVersion = 10.0.40219.1
Project("{FAE04EC0-301F-11D3-BF4B-00C04F79EFBC}") = "CinecorePlayer2025", "CinecorePlayer2025.csproj", "{DCA15F5E-3978-413F-8C1A-2393699E017D}"
EndProject
Global
	GlobalSection(SolutionConfigurationPlatforms) = preSolution
		Debug|Any CPU = Debug|Any CPU
		Release|Any CPU = Release|Any CPU
	EndGlobalSection
	GlobalSection(ProjectConfigurationPlatforms) = postSolution
		{DCA15F5E-3978-413F-8C1A-2393699E017D}.Debug|Any CPU.ActiveCfg = Debug|Any CPU
		{DCA15F5E-3978-413F-8C1A-2393699E017D}.Debug|Any CPU.Build.0 = Debug|Any CPU
		{DCA15F5E-3978-413F-8C1A-2393699E017D}.Release|Any CPU.ActiveCfg = Release|Any CPU
		{DCA15F5E-3978-413F-8C1A-2393699E017D}.Release|Any CPU.Build.0 = Release|Any CPU
	EndGlobalSection
	GlobalSection(SolutionProperties) = preSolution
		HideSolutionNode = FALSE
	EndGlobalSection
	GlobalSection(ExtensibilityGlobals) = postSolution
		SolutionGuid = {80C85D7C-5731-4876-B959-9BCFB4500A0A}
	EndGlobalSection
EndGlobal
